hash: 70267e3b7791e7083058f544fb1baaabe0ca877a0297573b4742e4778ecd827d
updated: 2017-02-21T14:59:10.738788659-08:00
imports:
- name: github.com/appc/spec
  version: ba99d6b8ccbbed2942e53eb5395fddae113cdf8e
  subpackages:
  - actool
- name: github.com/coreos/rkt
  version: 46b1f742777ddc34a9ab9b4d9c37c45d3396ca37
  subpackages:
  - common
  - pkg/flag
  - pkg/log
  - pkg/sys
  - pkg/user
  - stage1/common
  - stage1/common/types
testImports: []
